// !$*UTF8*$!
{
	archiveVersion = 1;
	classes = {
	};
	objectVersion = 50;
	objects = {

/* Begin PBXBuildFile section */
		8D1B5B03257C9250003ECB4F /* CardView.swift in Sources */ = {isa = PBXBuildFile; fileRef = 8D1B5B02257C9250003ECB4F /* CardView.swift */; };
		8D29004E257B62EF00482A2E /* SwiftUI_RepoApp.swift in Sources */ = {isa = PBXBuildFile; fileRef = 8D29004D257B62EF00482A2E /* SwiftUI_RepoApp.swift */; };
		8D290050257B62EF00482A2E /* ContentView.swift in Sources */ = {isa = PBXBuildFile; fileRef = 8D29004F257B62EF00482A2E /* ContentView.swift */; };
		8D290052257B62EF00482A2E /* Assets.xcassets in Resources */ = {isa = PBXBuildFile; fileRef = 8D290051257B62EF00482A2E /* Assets.xcassets */; };
		8D290055257B62EF00482A2E /* Preview Assets.xcassets in Resources */ = {isa = PBXBuildFile; fileRef = 8D290054257B62EF00482A2E /* Preview Assets.xcassets */; };
		8D290060257B62F000482A2E /* SwiftUI_RepoTests.swift in Sources */ = {isa = PBXBuildFile; fileRef = 8D29005F257B62F000482A2E /* SwiftUI_RepoTests.swift */; };
		8D29006B257B62F000482A2E /* SwiftUI_RepoUITests.swift in Sources */ = {isa = PBXBuildFile; fileRef = 8D29006A257B62F000482A2E /* SwiftUI_RepoUITests.swift */; };
/* End PBXBuildFile section */

/* Begin PBXContainerItemProxy section */
		8D29005C257B62EF00482A2E /* PBXContainerItemProxy */ = {
			isa = PBXContainerItemProxy;
			containerPortal = 8D290042257B62EF00482A2E /* Project object */;
			proxyType = 1;
			remoteGlobalIDString = 8D290049257B62EF00482A2E;
			remoteInfo = "SwiftUI-Repo";
		};
		8D290067257B62F000482A2E /* PBXContainerItemProxy */ = {
			isa = PBXContainerItemProxy;
			containerPortal = 8D290042257B62EF00482A2E /* Project object */;
			proxyType = 1;
			remoteGlobalIDString = 8D290049257B62EF00482A2E;
			remoteInfo = "SwiftUI-Repo";
		};
/* End PBXContainerItemProxy section */

/* Begin PBXFileReference section */
		8D1B5B02257C9250003ECB4F /* CardView.swift */ = {isa = PBXFileReference; lastKnownFileType = sourcecode.swift; path = CardView.swift; sourceTree = "<group>"; };
		8D29004A257B62EF00482A2E /* SwiftUI-Repo.app */ = {isa = PBXFileReference; explicitFileType = wrapper.application; includeInIndex = 0; path = "SwiftUI-Repo.app"; sourceTree = BUILT_PRODUCTS_DIR; };
		8D29004D257B62EF00482A2E /* SwiftUI_RepoApp.swift */ = {isa = PBXFileReference; lastKnownFileType = sourcecode.swift; path = SwiftUI_RepoApp.swift; sourceTree = "<group>"; };
		8D29004F257B62EF00482A2E /* ContentView.swift */ = {isa = PBXFileReference; lastKnownFileType = sourcecode.swift; path = ContentView.swift; sourceTree = "<group>"; };
		8D290051257B62EF00482A2E /* Assets.xcassets */ = {isa = PBXFileReference; lastKnownFileType = folder.assetcatalog; path = Assets.xcassets; sourceTree = "<group>"; };
		8D290054257B62EF00482A2E /* Preview Assets.xcassets */ = {isa = PBXFileReference; lastKnownFileType = folder.assetcatalog; path = "Preview Assets.xcassets"; sourceTree = "<group>"; };
		8D290056257B62EF00482A2E /* Info.plist */ = {isa = PBXFileReference; lastKnownFileType = text.plist.xml; path = Info.plist; sourceTree = "<group>"; };
		8D29005B257B62EF00482A2E /* SwiftUI-RepoTests.xctest */ = {isa = PBXFileReference; explicitFileType = wrapper.cfbundle; includeInIndex = 0; path = "SwiftUI-RepoTests.xctest"; sourceTree = BUILT_PRODUCTS_DIR; };
		8D29005F257B62F000482A2E /* SwiftUI_RepoTests.swift */ = {isa = PBXFileReference; lastKnownFileType = sourcecode.swift; path = SwiftUI_RepoTests.swift; sourceTree = "<group>"; };
		8D290061257B62F000482A2E /* Info.plist */ = {isa = PBXFileReference; lastKnownFileType = text.plist.xml; path = Info.plist; sourceTree = "<group>"; };
		8D290066257B62F000482A2E /* SwiftUI-RepoUITests.xctest */ = {isa = PBXFileReference; explicitFileType = wrapper.cfbundle; includeInIndex = 0; path = "SwiftUI-RepoUITests.xctest"; sourceTree = BUILT_PRODUCTS_DIR; };
		8D29006A257B62F000482A2E /* SwiftUI_RepoUITests.swift */ = {isa = PBXFileReference; lastKnownFileType = sourcecode.swift; path = SwiftUI_RepoUITests.swift; sourceTree = "<group>"; };
		8D29006C257B62F000482A2E /* Info.plist */ = {isa = PBXFileReference; lastKnownFileType = text.plist.xml; path = Info.plist; sourceTree = "<group>"; };
/* End PBXFileReference section */

/* Begin PBXFrameworksBuildPhase section */
		8D290047257B62EF00482A2E /* Frameworks */ = {
			isa = PBXFrameworksBuildPhase;
			buildActionMask = 2147483647;
			files = (
			);
			runOnlyForDeploymentPostprocessing = 0;
		};
		8D290058257B62EF00482A2E /* Frameworks */ = {
			isa = PBXFrameworksBuildPhase;
			buildActionMask = 2147483647;
			files = (
			);
			runOnlyForDeploymentPostprocessing = 0;
		};
		8D290063257B62F000482A2E /* Frameworks */ = {
			isa = PBXFrameworksBuildPhase;
			buildActionMask = 2147483647;
			files = (
			);
			runOnlyForDeploymentPostprocessing = 0;
		};
/* End PBXFrameworksBuildPhase section */

/* Begin PBXGroup section */
		8D290041257B62EF00482A2E = {
			isa = PBXGroup;
			children = (
				8D29004C257B62EF00482A2E /* SwiftUI-Repo */,
				8D29005E257B62F000482A2E /* SwiftUI-RepoTests */,
				8D290069257B62F000482A2E /* SwiftUI-RepoUITests */,
				8D29004B257B62EF00482A2E /* Products */,
			);
			sourceTree = "<group>";
		};
		8D29004B257B62EF00482A2E /* Products */ = {
			isa = PBXGroup;
			children = (
				8D29004A257B62EF00482A2E /* SwiftUI-Repo.app */,
				8D29005B257B62EF00482A2E /* SwiftUI-RepoTests.xctest */,
				8D290066257B62F000482A2E /* SwiftUI-RepoUITests.xctest */,
			);
			name = Products;
			sourceTree = "<group>";
		};
		8D29004C257B62EF00482A2E /* SwiftUI-Repo */ = {
			isa = PBXGroup;
			children = (
				8D29004D257B62EF00482A2E /* SwiftUI_RepoApp.swift */,
				8D29004F257B62EF00482A2E /* ContentView.swift */,
				8D1B5B02257C9250003ECB4F /* CardView.swift */,
				8D290051257B62EF00482A2E /* Assets.xcassets */,
				8D290056257B62EF00482A2E /* Info.plist */,
				8D290053257B62EF00482A2E /* Preview Content */,
			);
			path = "SwiftUI-Repo";
			sourceTree = "<group>";
		};
		8D290053257B62EF00482A2E /* Preview Content */ = {
			isa = PBXGroup;
			children = (
				8D290054257B62EF00482A2E /* Preview Assets.xcassets */,
			);
			path = "Preview Content";
			sourceTree = "<group>";
		};
		8D29005E257B62F000482A2E /* SwiftUI-RepoTests */ = {
			isa = PBXGroup;
			children = (
				8D29005F257B62F000482A2E /* SwiftUI_RepoTests.swift */,
				8D290061257B62F000482A2E /* Info.plist */,
			);
			path = "SwiftUI-RepoTests";
			sourceTree = "<group>";
		};
		8D290069257B62F000482A2E /* SwiftUI-RepoUITests */ = {
			isa = PBXGroup;
			children = (
				8D29006A257B62F000482A2E /* SwiftUI_RepoUITests.swift */,
				8D29006C257B62F000482A2E /* Info.plist */,
			);
			path = "SwiftUI-RepoUITests";
			sourceTree = "<group>";
		};
/* End PBXGroup section */

/* Begin PBXNativeTarget section */
		8D290049257B62EF00482A2E /* SwiftUI-Repo */ = {
			isa = PBXNativeTarget;
			buildConfigurationList = 8D29006F257B62F000482A2E /* Build configuration list for PBXNativeTarget "SwiftUI-Repo" */;
			buildPhases = (
				8D290046257B62EF00482A2E /* Sources */,
				8D290047257B62EF00482A2E /* Frameworks */,
				8D290048257B62EF00482A2E /* Resources */,
			);
			buildRules = (
			);
			dependencies = (
			);
			name = "SwiftUI-Repo";
			productName = "SwiftUI-Repo";
			productReference = 8D29004A257B62EF00482A2E /* SwiftUI-Repo.app */;
			productType = "com.apple.product-type.application";
		};
		8D29005A257B62EF00482A2E /* SwiftUI-RepoTests */ = {
			isa = PBXNativeTarget;
			buildConfigurationList = 8D290072257B62F000482A2E /* Build configuration list for PBXNativeTarget "SwiftUI-RepoTests" */;
			buildPhases = (
				8D290057257B62EF00482A2E /* Sources */,
				8D290058257B62EF00482A2E /* Frameworks */,
				8D290059257B62EF00482A2E /* Resources */,
			);
			buildRules = (
			);
			dependencies = (
				8D29005D257B62EF00482A2E /* PBXTargetDependency */,
			);
			name = "SwiftUI-RepoTests";
			productName = "SwiftUI-RepoTests";
			productReference = 8D29005B257B62EF00482A2E /* SwiftUI-RepoTests.xctest */;
			productType = "com.apple.product-type.bundle.unit-test";
		};
		8D290065257B62F000482A2E /* SwiftUI-RepoUITests */ = {
			isa = PBXNativeTarget;
			buildConfigurationList = 8D290075257B62F000482A2E /* Build configuration list for PBXNativeTarget "SwiftUI-RepoUITests" */;
			buildPhases = (
				8D290062257B62F000482A2E /* Sources */,
				8D290063257B62F000482A2E /* Frameworks */,
				8D290064257B62F000482A2E /* Resources */,
			);
			buildRules = (
			);
			dependencies = (
				8D290068257B62F000482A2E /* PBXTargetDependency */,
			);
			name = "SwiftUI-RepoUITests";
			productName = "SwiftUI-RepoUITests";
			productReference = 8D290066257B62F000482A2E /* SwiftUI-RepoUITests.xctest */;
			productType = "com.apple.product-type.bundle.ui-testing";
		};
/* End PBXNativeTarget section */

/* Begin PBXProject section */
		8D290042257B62EF00482A2E /* Project object */ = {
			isa = PBXProject;
			attributes = {
				LastSwiftUpdateCheck = 1220;
				LastUpgradeCheck = 1220;
				TargetAttributes = {
					8D290049257B62EF00482A2E = {
						CreatedOnToolsVersion = 12.2;
					};
					8D29005A257B62EF00482A2E = {
						CreatedOnToolsVersion = 12.2;
						TestTargetID = 8D290049257B62EF00482A2E;
					};
					8D290065257B62F000482A2E = {
						CreatedOnToolsVersion = 12.2;
						TestTargetID = 8D290049257B62EF00482A2E;
					};
				};
			};
			buildConfigurationList = 8D290045257B62EF00482A2E /* Build configuration list for PBXProject "SwiftUI-Repo" */;
			compatibilityVersion = "Xcode 9.3";
			developmentRegion = en;
			hasScannedForEncodings = 0;
			knownRegions = (
				en,
				Base,
			);
			mainGroup = 8D290041257B62EF00482A2E;
			productRefGroup = 8D29004B257B62EF00482A2E /* Products */;
			projectDirPath = "";
			projectRoot = "";
			targets = (
				8D290049257B62EF00482A2E /* SwiftUI-Repo */,
				8D29005A257B62EF00482A2E /* SwiftUI-RepoTests */,
				8D290065257B62F000482A2E /* SwiftUI-RepoUITests */,
			);
		};
/* End PBXProject section */

/* Begin PBXResourcesBuildPhase section */
		8D290048257B62EF00482A2E /* Resources */ = {
			isa = PBXResourcesBuildPhase;
			buildActionMask = 2147483647;
			files = (
				8D290055257B62EF00482A2E /* Preview Assets.xcassets in Resources */,
				8D290052257B62EF00482A2E /* Assets.xcassets in Resources */,
			);
			runOnlyForDeploymentPostprocessing = 0;
		};
		8D290059257B62EF00482A2E /* Resources */ = {
			isa = PBXResourcesBuildPhase;
			buildActionMask = 2147483647;
			files = (
			);
			runOnlyForDeploymentPostprocessing = 0;
		};
		8D290064257B62F000482A2E /* Resources */ = {
			isa = PBXResourcesBuildPhase;
			buildActionMask = 2147483647;
			files = (
			);
			runOnlyForDeploymentPostprocessing = 0;
		};
/* End PBXResourcesBuildPhase section */

/* Begin PBXSourcesBuildPhase section */
		8D290046257B62EF00482A2E /* Sources */ = {
			isa = PBXSourcesBuildPhase;
			buildActionMask = 2147483647;
			files = (
				8D290050257B62EF00482A2E /* ContentView.swift in Sources */,
				8D1B5B03257C9250003ECB4F /* CardView.swift in Sources */,
				8D29004E257B62EF00482A2E /* SwiftUI_RepoApp.swift in Sources */,
			);
			runOnlyForDeploymentPostprocessing = 0;
		};
		8D290057257B62EF00482A2E /* Sources */ = {
			isa = PBXSourcesBuildPhase;
			buildActionMask = 2147483647;
			files = (
				8D290060257B62F000482A2E /* SwiftUI_RepoTests.swift in Sources */,
			);
			runOnlyForDeploymentPostprocessing = 0;
		};
		8D290062257B62F000482A2E /* Sources */ = {
			isa = PBXSourcesBuildPhase;
			buildActionMask = 2147483647;
			files = (
				8D29006B257B62F000482A2E /* SwiftUI_RepoUITests.swift in Sources */,
			);
			runOnlyForDeploymentPostprocessing = 0;
		};
/* End PBXSourcesBuildPhase section */

/* Begin PBXTargetDependency section */
		8D29005D257B62EF00482A2E /* PBXTargetDependency */ = {
			isa = PBXTargetDependency;
			target = 8D290049257B62EF00482A2E /* SwiftUI-Repo */;
			targetProxy = 8D29005C257B62EF00482A2E /* PBXContainerItemProxy */;
		};
		8D290068257B62F000482A2E /* PBXTargetDependency */ = {
			isa = PBXTargetDependency;
			target = 8D290049257B62EF00482A2E /* SwiftUI-Repo */;
			targetProxy = 8D290067257B62F000482A2E /* PBXContainerItemProxy */;
		};
/* End PBXTargetDependency section */

/* Begin XCBuildConfiguration section */
		8D29006D257B62F000482A2E /* Debug */ = {
			isa = XCBuildConfiguration;
			buildSettings = {
				ALWAYS_SEARCH_USER_PATHS = NO;
				CLANG_ANALYZER_NONNULL = YES;
				CLANG_ANALYZER_NUMBER_OBJECT_CONVERSION = YES_AGGRESSIVE;
				CLANG_CXX_LANGUAGE_STANDARD = "gnu++14";
				CLANG_CXX_LIBRARY = "libc++";
				CLANG_ENABLE_MODULES = YES;
				CLANG_ENABLE_OBJC_ARC = YES;
				CLANG_ENABLE_OBJC_WEAK = YES;
				CLANG_WARN_BLOCK_CAPTURE_AUTORELEASING = YES;
				CLANG_WARN_BOOL_CONVERSION = YES;
				CLANG_WARN_COMMA = YES;
				CLANG_WARN_CONSTANT_CONVERSION = YES;
				CLANG_WARN_DEPRECATED_OBJC_IMPLEMENTATIONS = YES;
				CLANG_WARN_DIRECT_OBJC_ISA_USAGE = YES_ERROR;
				CLANG_WARN_DOCUMENTATION_COMMENTS = YES;
				CLANG_WARN_EMPTY_BODY = YES;
				CLANG_WARN_ENUM_CONVERSION = YES;
				CLANG_WARN_INFINITE_RECURSION = YES;
				CLANG_WARN_INT_CONVERSION = YES;
				CLANG_WARN_NON_LITERAL_NULL_CONVERSION = YES;
				CLANG_WARN_OBJC_IMPLICIT_RETAIN_SELF = YES;
				CLANG_WARN_OBJC_LITERAL_CONVERSION = YES;
				CLANG_WARN_OBJC_ROOT_CLASS = YES_ERROR;
				CLANG_WARN_QUOTED_INCLUDE_IN_FRAMEWORK_HEADER = YES;
				CLANG_WARN_RANGE_LOOP_ANALYSIS = YES;
				CLANG_WARN_STRICT_PROTOTYPES = YES;
				CLANG_WARN_SUSPICIOUS_MOVE = YES;
				CLANG_WARN_UNGUARDED_AVAILABILITY = YES_AGGRESSIVE;
				CLANG_WARN_UNREACHABLE_CODE = YES;
				CLANG_WARN__DUPLICATE_METHOD_MATCH = YES;
				COPY_PHASE_STRIP = NO;
				DEBUG_INFORMATION_FORMAT = dwarf;
				ENABLE_STRICT_OBJC_MSGSEND = YES;
				ENABLE_TESTABILITY = YES;
				GCC_C_LANGUAGE_STANDARD = gnu11;
				GCC_DYNAMIC_NO_PIC = NO;
				GCC_NO_COMMON_BLOCKS = YES;
				GCC_OPTIMIZATION_LEVEL = 0;
				GCC_PREPROCESSOR_DEFINITIONS = (
					"DEBUG=1",
					"$(inherited)",
				);
				GCC_WARN_64_TO_32_BIT_CONVERSION = YES;
				GCC_WARN_ABOUT_RETURN_TYPE = YES_ERROR;
				GCC_WARN_UNDECLARED_SELECTOR = YES;
				GCC_WARN_UNINITIALIZED_AUTOS = YES_AGGRESSIVE;
				GCC_WARN_UNUSED_FUNCTION = YES;
				GCC_WARN_UNUSED_VARIABLE = YES;
				IPHONEOS_DEPLOYMENT_TARGET = 14.2;
				MTL_ENABLE_DEBUG_INFO = INCLUDE_SOURCE;
				MTL_FAST_MATH = YES;
				ONLY_ACTIVE_ARCH = YES;
				SDKROOT = iphoneos;
				SWIFT_ACTIVE_COMPILATION_CONDITIONS = DEBUG;
				SWIFT_OPTIMIZATION_LEVEL = "-Onone";
			};
			name = Debug;
		};
		8D29006E257B62F000482A2E /* Release */ = {
			isa = XCBuildConfiguration;
			buildSettings = {
				ALWAYS_SEARCH_USER_PATHS = NO;
				CLANG_ANALYZER_NONNULL = YES;
				CLANG_ANALYZER_NUMBER_OBJECT_CONVERSION = YES_AGGRESSIVE;
				CLANG_CXX_LANGUAGE_STANDARD = "gnu++14";
				CLANG_CXX_LIBRARY = "libc++";
				CLANG_ENABLE_MODULES = YES;
				CLANG_ENABLE_OBJC_ARC = YES;
				CLANG_ENABLE_OBJC_WEAK = YES;
				CLANG_WARN_BLOCK_CAPTURE_AUTORELEASING = YES;
				CLANG_WARN_BOOL_CONVERSION = YES;
				CLANG_WARN_COMMA = YES;
				CLANG_WARN_CONSTANT_CONVERSION = YES;
				CLANG_WARN_DEPRECATED_OBJC_IMPLEMENTATIONS = YES;
				CLANG_WARN_DIRECT_OBJC_ISA_USAGE = YES_ERROR;
				CLANG_WARN_DOCUMENTATION_COMMENTS = YES;
				CLANG_WARN_EMPTY_BODY = YES;
				CLANG_WARN_ENUM_CONVERSION = YES;
				CLANG_WARN_INFINITE_RECURSION = YES;
				CLANG_WARN_INT_CONVERSION = YES;
				CLANG_WARN_NON_LITERAL_NULL_CONVERSION = YES;
				CLANG_WARN_OBJC_IMPLICIT_RETAIN_SELF = YES;
				CLANG_WARN_OBJC_LITERAL_CONVERSION = YES;
				CLANG_WARN_OBJC_ROOT_CLASS = YES_ERROR;
				CLANG_WARN_QUOTED_INCLUDE_IN_FRAMEWORK_HEADER = YES;
				CLANG_WARN_RANGE_LOOP_ANALYSIS = YES;
				CLANG_WARN_STRICT_PROTOTYPES = YES;
				CLANG_WARN_SUSPICIOUS_MOVE = YES;
				CLANG_WARN_UNGUARDED_AVAILABILITY = YES_AGGRESSIVE;
				CLANG_WARN_UNREACHABLE_CODE = YES;
				CLANG_WARN__DUPLICATE_METHOD_MATCH = YES;
				COPY_PHASE_STRIP = NO;
				DEBUG_INFORMATION_FORMAT = "dwarf-with-dsym";
				ENABLE_NS_ASSERTIONS = NO;
				ENABLE_STRICT_OBJC_MSGSEND = YES;
				GCC_C_LANGUAGE_STANDARD = gnu11;
				GCC_NO_COMMON_BLOCKS = YES;
				GCC_WARN_64_TO_32_BIT_CONVERSION = YES;
				GCC_WARN_ABOUT_RETURN_TYPE = YES_ERROR;
				GCC_WARN_UNDECLARED_SELECTOR = YES;
				GCC_WARN_UNINITIALIZED_AUTOS = YES_AGGRESSIVE;
				GCC_WARN_UNUSED_FUNCTION = YES;
				GCC_WARN_UNUSED_VARIABLE = YES;
				IPHONEOS_DEPLOYMENT_TARGET = 14.2;
				MTL_ENABLE_DEBUG_INFO = NO;
				MTL_FAST_MATH = YES;
				SDKROOT = iphoneos;
				SWIFT_COMPILATION_MODE = wholemodule;
				SWIFT_OPTIMIZATION_LEVEL = "-O";
				VALIDATE_PRODUCT = YES;
			};
			name = Release;
		};
		8D290070257B62F000482A2E /* Debug */ = {
			isa = XCBuildConfiguration;
			buildSettings = {
				ASSETCATALOG_COMPILER_APPICON_NAME = AppIcon;
				ASSETCATALOG_COMPILER_GLOBAL_ACCENT_COLOR_NAME = AccentColor;
				CODE_SIGN_IDENTITY = "Apple Development";
				CODE_SIGN_STYLE = Automatic;
				DEVELOPMENT_ASSET_PATHS = "\"SwiftUI-Repo/Preview Content\"";
				DEVELOPMENT_TEAM = 79E68ZK73C;
				ENABLE_PREVIEWS = YES;
				INFOPLIST_FILE = "SwiftUI-Repo/Info.plist";
				IPHONEOS_DEPLOYMENT_TARGET = 14.0;
				LD_RUNPATH_SEARCH_PATHS = (
					"$(inherited)",
					"@executable_path/Frameworks",
				);
				PRODUCT_BUNDLE_IDENTIFIER = "tw.com.geovision.SwiftUI-Repo";
				PRODUCT_NAME = "$(TARGET_NAME)";
				PROVISIONING_PROFILE_SPECIFIER = "";
				SWIFT_VERSION = 5.0;
				TARGETED_DEVICE_FAMILY = "1,2";
			};
			name = Debug;
		};
		8D290071257B62F000482A2E /* Release */ = {
			isa = XCBuildConfiguration;
			buildSettings = {
				ASSETCATALOG_COMPILER_APPICON_NAME = AppIcon;
				ASSETCATALOG_COMPILER_GLOBAL_ACCENT_COLOR_NAME = AccentColor;
				CODE_SIGN_IDENTITY = "Apple Development";
				CODE_SIGN_STYLE = Automatic;
				DEVELOPMENT_ASSET_PATHS = "\"SwiftUI-Repo/Preview Content\"";
				DEVELOPMENT_TEAM = 79E68ZK73C;
				ENABLE_PREVIEWS = YES;
				INFOPLIST_FILE = "SwiftUI-Repo/Info.plist";
				IPHONEOS_DEPLOYMENT_TARGET = 14.0;
				LD_RUNPATH_SEARCH_PATHS = (
					"$(inherited)",
					"@executable_path/Frameworks",
				);
				PRODUCT_BUNDLE_IDENTIFIER = "tw.com.geovision.SwiftUI-Repo";
				PRODUCT_NAME = "$(TARGET_NAME)";
				PROVISIONING_PROFILE_SPECIFIER = "";
				SWIFT_VERSION = 5.0;
				TARGETED_DEVICE_FAMILY = "1,2";
			};
			name = Release;
		};
		8D290073257B62F000482A2E /* Debug */ = {
			isa = XCBuildConfiguration;
			buildSettings = {
				ALWAYS_EMBED_SWIFT_STANDARD_LIBRARIES = YES;
				BUNDLE_LOADER = "$(TEST_HOST)";
				CODE_SIGN_STYLE = Automatic;
				DEVELOPMENT_TEAM = 79E68ZK73C;
				INFOPLIST_FILE = "SwiftUI-RepoTests/Info.plist";
				IPHONEOS_DEPLOYMENT_TARGET = 14.0;
				LD_RUNPATH_SEARCH_PATHS = (
					"$(inherited)",
					"@executable_path/Frameworks",
					"@loader_path/Frameworks",
				);
				PRODUCT_BUNDLE_IDENTIFIER = "tw.com.geovision.SwiftUI-RepoTests";
				PRODUCT_NAME = "$(TARGET_NAME)";
				SWIFT_VERSION = 5.0;
				TARGETED_DEVICE_FAMILY = "1,2";
				TEST_HOST = "$(BUILT_PRODUCTS_DIR)/SwiftUI-Repo.app/SwiftUI-Repo";
			};
			name = Debug;
		};
		8D290074257B62F000482A2E /* Release */ = {
			isa = XCBuildConfiguration;
			buildSettings = {
				ALWAYS_EMBED_SWIFT_STANDARD_LIBRARIES = YES;
				BUNDLE_LOADER = "$(TEST_HOST)";
				CODE_SIGN_STYLE = Automatic;
				DEVELOPMENT_TEAM = 79E68ZK73C;
				INFOPLIST_FILE = "SwiftUI-RepoTests/Info.plist";
				IPHONEOS_DEPLOYMENT_TARGET = 14.0;
				LD_RUNPATH_SEARCH_PATHS = (
					"$(inherited)",
					"@executable_path/Frameworks",
					"@loader_path/Frameworks",
				);
				PRODUCT_BUNDLE_IDENTIFIER = "tw.com.geovision.SwiftUI-RepoTests";
				PRODUCT_NAME = "$(TARGET_NAME)";
				SWIFT_VERSION = 5.0;
				TARGETED_DEVICE_FAMILY = "1,2";
				TEST_HOST = "$(BUILT_PRODUCTS_DIR)/SwiftUI-Repo.app/SwiftUI-Repo";
			};
			name = Release;
		};
		8D290076257B62F000482A2E /* Debug */ = {
			isa = XCBuildConfiguration;
			buildSettings = {
				ALWAYS_EMBED_SWIFT_STANDARD_LIBRARIES = YES;
				CODE_SIGN_STYLE = Automatic;
				DEVELOPMENT_TEAM = 79E68ZK73C;
				INFOPLIST_FILE = "SwiftUI-RepoUITests/Info.plist";
				LD_RUNPATH_SEARCH_PATHS = (
					"$(inherited)",
					"@executable_path/Frameworks",
					"@loader_path/Frameworks",
				);
				PRODUCT_BUNDLE_IDENTIFIER = "tw.com.geovision.SwiftUI-RepoUITests";
				PRODUCT_NAME = "$(TARGET_NAME)";
				SWIFT_VERSION = 5.0;
				TARGETED_DEVICE_FAMILY = "1,2";
				TEST_TARGET_NAME = "SwiftUI-Repo";
			};
			name = Debug;
		};
		8D290077257B62F000482A2E /* Release */ = {
			isa = XCBuildConfiguration;
			buildSettings = {
				ALWAYS_EMBED_SWIFT_STANDARD_LIBRARIES = YES;
				CODE_SIGN_STYLE = Automatic;
				DEVELOPMENT_TEAM = 79E68ZK73C;
				INFOPLIST_FILE = "SwiftUI-RepoUITests/Info.plist";
				LD_RUNPATH_SEARCH_PATHS = (
					"$(inherited)",
					"@executable_path/Frameworks",
					"@loader_path/Frameworks",
				);
				PRODUCT_BUNDLE_IDENTIFIER = "tw.com.geovision.SwiftUI-RepoUITests";
				PRODUCT_NAME = "$(TARGET_NAME)";
				SWIFT_VERSION = 5.0;
				TARGETED_DEVICE_FAMILY = "1,2";
				TEST_TARGET_NAME = "SwiftUI-Repo";
			};
			name = Release;
		};
/* End XCBuildConfiguration section */

/* Begin XCConfigurationList section */
		8D290045257B62EF00482A2E /* Build configuration list for PBXProject "SwiftUI-Repo" */ = {
			isa = XCConfigurationList;
			buildConfigurations = (
				8D29006D257B62F000482A2E /* Debug */,
				8D29006E257B62F000482A2E /* Release */,
			);
			defaultConfigurationIsVisible = 0;
			defaultConfigurationName = Release;
		};
		8D29006F257B62F000482A2E /* Build configuration list for PBXNativeTarget "SwiftUI-Repo" */ = {
			isa = XCConfigurationList;
			buildConfigurations = (
				8D290070257B62F000482A2E /* Debug */,
				8D290071257B62F000482A2E /* Release */,
			);
			defaultConfigurationIsVisible = 0;
			defaultConfigurationName = Release;
		};
		8D290072257B62F000482A2E /* Build configuration list for PBXNativeTarget "SwiftUI-RepoTests" */ = {
			isa = XCConfigurationList;
			buildConfigurations = (
				8D290073257B62F000482A2E /* Debug */,
				8D290074257B62F000482A2E /* Release */,
			);
			defaultConfigurationIsVisible = 0;
			defaultConfigurationName = Release;
		};
		8D290075257B62F000482A2E /* Build configuration list for PBXNativeTarget "SwiftUI-RepoUITests" */ = {
			isa = XCConfigurationList;
			buildConfigurations = (
				8D290076257B62F000482A2E /* Debug */,
				8D290077257B62F000482A2E /* Release */,
			);
			defaultConfigurationIsVisible = 0;
			defaultConfigurationName = Release;
		};
/* End XCConfigurationList section */
	};
	rootObject = 8D290042257B62EF00482A2E /* Project object */;
}
